version = 1
requires-python = ">=3.13"

[[package]]
name = "hexlet-code"
version = "0.1.0"
source = { editable = "." }
dependencies = [
    { name = "prompt" },
]

[package.dev-dependencies]
dev = [
    { name = "ruff" },
]

[package.metadata]
requires-dist = [{ name = "prompt", specifier = ">=0.4.1" }]

[package.metadata.requires-dev]
dev = [{ name = "ruff", specifier = ">=0.9.0" }]

[[package]]
name = "prompt"
version = "0.4.1"
source = { registry = "https://pypi.org/simple" }
sdist = { url = "https://files.pythonhosted.org/packages/a6/f1/f550fffbdbe3ca55591d2c34f7d561ee8126a2e4f0b402a84860a31a5f68/prompt-0.4.1.tar.gz", hash = "sha256:8a7694b88f8c65188a983315e72582bf42fcc251b97042be1d2a2ad1aa0ebe0e", size = 6500 }
wheels = [
    { url = "https://files.pythonhosted.org/packages/de/2a/baf04fe6bef0b73666fd891db1c395813ee9691f949ae4b42500dc440adb/prompt-0.4.1-py3-none-any.whl", hash = "sha256:98527de8dc3f0aa29669a39fbffeaf578ba6654dc836f737b6a5c6f9279002b7", size = 7149 },
]

[[package]]
name = "ruff"
version = "0.9.0"
source = { registry = "https://pypi.org/simple" }
sdist = { url = "https://files.pythonhosted.org/packages/75/48/385f276f41e89623a5ea8e4eb9c619a44fdfc2a64849916b3584eca6cb9f/ruff-0.9.0.tar.gz", hash = "sha256:143f68fa5560ecf10fc49878b73cee3eab98b777fcf43b0e62d43d42f5ef9d8b", size = 3489167 }
wheels = [
    { url = "https://files.pythonhosted.org/packages/e9/01/e0885e5519212efc7ab9d868bc39cb9781931c4c6f9b17becafa81193ec4/ruff-0.9.0-py3-none-linux_armv6l.whl", hash = "sha256:949b3513f931741e006cf267bf89611edff04e1f012013424022add3ce78f319", size = 10647069 },
    { url = "https://files.pythonhosted.org/packages/dd/69/510a9a5781dcf84c2ad513c2003936fefc802f39c745d5f2355d77fa45fd/ruff-0.9.0-py3-none-macosx_10_12_x86_64.whl", hash = "sha256:99fbcb8c7fe94ae1e462ab2a1ef17cb20b25fb6438b9f198b1bcf5207a0a7916", size = 10401936 },
    { url = "https://files.pythonhosted.org/packages/07/9f/37fb86bfdf28c4cbfe94cbcc01fb9ab0cb8128548f243f34d5298b212562/ruff-0.9.0-py3-none-macosx_11_0_arm64.whl", hash = "sha256:0b022afd8eb0fcfce1e0adec84322abf4d6ce3cd285b3b99c4f17aae7decf749", size = 10010347 },
    { url = "https://files.pythonhosted.org/packages/30/0d/b95121f53c7f7bfb7ba427a35d25f983ed3b476620c5cd69f45caa5b294e/ruff-0.9.0-py3-none-manylinux_2_17_aarch64.manylinux2014_aarch64.whl", hash = "sha256:336567ce92c9ca8ec62780d07b5fa11fbc881dc7bb40958f93a7d621e7ab4589", size = 10882152 },
    { url = "https://files.pythonhosted.org/packages/d4/0b/a955cb6b19eb900c4c594707ab72132ce2d5cd8b5565137fb8fed21b8f08/ruff-0.9.0-py3-none-manylinux_2_17_armv7l.manylinux2014_armv7l.whl", hash = "sha256:d338336c44bda602dc8e8766836ac0441e5b0dfeac3af1bd311a97ebaf087a75", size = 10405502 },
    { url = "https://files.pythonhosted.org/packages/1e/fa/9a6c70af74f20edd2519b89eb3322f4bfa399315cf306383443700f2d6b6/ruff-0.9.0-py3-none-manylinux_2_17_i686.manylinux2014_i686.whl", hash = "sha256:d9b3ececf523d733e90b540e7afcc0494189e8999847f8855747acd5a9a8c45f", size = 11465069 },
    { url = "https://files.pythonhosted.org/packages/ee/8b/7effac8915470da496be009fe861060baff2692f92801976b2c01cdc8c54/ruff-0.9.0-py3-none-manylinux_2_17_ppc64.manylinux2014_ppc64.whl", hash = "sha256:a11c0872a31232e473e2e0e2107f3d294dbadd2f83fb281c3eb1c22a24866924", size = 12176850 },
    { url = "https://files.pythonhosted.org/packages/bd/ed/626179786889eca47b1e821c1582622ac0c1c8f01d60ac974f8b96867a57/ruff-0.9.0-py3-none-manylinux_2_17_ppc64le.manylinux2014_ppc64le.whl", hash = "sha256:b5fd06220c17a9cc0dc7fc6552f2ac4db74e8e8bff9c401d160ac59d00566f54", size = 11700963 },
    { url = "https://files.pythonhosted.org/packages/75/79/094c34ddec47fd3c61a0bc5e83ca164344c592949cff91f05961fd40922e/ruff-0.9.0-py3-none-manylinux_2_17_s390x.manylinux2014_s390x.whl", hash = "sha256:0457e775c74bf3976243f910805242b7dcd389e1d440deccbd1194ca17a5728c", size = 13096560 },
    { url = "https://files.pythonhosted.org/packages/e7/23/ec85dca0dcb329835197401734501bfa1d39e72343df64628c67b72bcbf5/ruff-0.9.0-py3-none-manylinux_2_17_x86_64.manylinux2014_x86_64.whl", hash = "sha256:05415599bbcb318f730ea1b46a39e4fbf71f6a63fdbfa1dda92efb55f19d7ecf", size = 11278658 },
    { url = "https://files.pythonhosted.org/packages/6c/17/1b3ea5f06578ea1daa08ac35f9de099d1827eea6e116a8cabbf11235c925/ruff-0.9.0-py3-none-musllinux_1_2_aarch64.whl", hash = "sha256:fbf9864b009e43cfc1c8bed1a6a4c529156913105780af4141ca4342148517f5", size = 10879847 },
    { url = "https://files.pythonhosted.org/packages/a6/e5/00bc97d6f419da03c0d898e95cca77311494e7274dc7cc17d94976e32e52/ruff-0.9.0-py3-none-musllinux_1_2_armv7l.whl", hash = "sha256:37b3da222b12e2bb2ce628e02586ab4846b1ed7f31f42a5a0683b213453b2d49", size = 10494220 },
    { url = "https://files.pythonhosted.org/packages/cc/70/d0a23d94f3e40b7ffac0e5506f33bb504672569173781a6c7cab0db6a4ba/ruff-0.9.0-py3-none-musllinux_1_2_i686.whl", hash = "sha256:733c0fcf2eb0c90055100b4ed1af9c9d87305b901a8feb6a0451fa53ed88199d", size = 11004182 },
    { url = "https://files.pythonhosted.org/packages/20/8e/367cf8e401890f823d0e4eb33635d0113719d5660b6522b7295376dd95fd/ruff-0.9.0-py3-none-musllinux_1_2_x86_64.whl", hash = "sha256:8221a454bfe5ccdf8017512fd6bb60e6ec30f9ea252b8a80e5b73619f6c3cefd", size = 11345761 },
    { url = "https://files.pythonhosted.org/packages/fe/08/4b54e02da73060ebc29368ab15868613f7d2496bde3b01d284d5423646bc/ruff-0.9.0-py3-none-win32.whl", hash = "sha256:d345f2178afd192c7991ddee59155c58145e12ad81310b509bd2e25c5b0247b3", size = 8807005 },
    { url = "https://files.pythonhosted.org/packages/a1/a7/0b422971e897c51bf805f998d75bcfe5d4d858f5002203832875fc91b733/ruff-0.9.0-py3-none-win_amd64.whl", hash = "sha256:0cbc0905d94d21305872f7f8224e30f4bbcd532bc21b2225b2446d8fc7220d19", size = 9689974 },
    { url = "https://files.pythonhosted.org/packages/73/0e/c00f66731e514be3299801b1d9d54efae0abfe8f00a5c14155f2ab9e2920/ruff-0.9.0-py3-none-win_arm64.whl", hash = "sha256:7b1148771c6ca88f820d761350a053a5794bc58e0867739ea93eb5e41ad978cd", size = 9147729 },
]
